
Microsoft Visual Studio Solution File, Format Version 12.00
# Visual Studio Version 17
VisualStudioVersion = 17.3.32811.315
MinimumVisualStudioVersion = 10.0.40219.1
Project("{9A19103F-16F7-4668-BE54-9A1E7A4F7556}") = "API", "API\API.csproj", "{F2A03A36-954C-4DC4-A220-48C148A993E2}"
EndProject
Project("{9A19103F-16F7-4668-BE54-9A1E7A4F7556}") = "Application", "Application\Application.csproj", "{051C4AF1-6E3C-43D6-BF39-AB1BB1714CFA}"
EndProject
Project("{9A19103F-16F7-4668-BE54-9A1E7A4F7556}") = "DAL", "DAL\DAL.csproj", "{B550D856-2D6D-47F6-814A-195A94FD73E5}"
EndProject
Project("{9A19103F-16F7-4668-BE54-9A1E7A4F7556}") = "DTO", "DTO\DTO.csproj", "{09177D45-2A97-4363-B0BB-2FC46564586D}"
EndProject
Project("{9A19103F-16F7-4668-BE54-9A1E7A4F7556}") = "Entity", "Entity\Entity.csproj", "{41FBD108-D6C8-43B7-B09E-67815196AA84}"
EndProject
Project("{2150E333-8FDC-42A3-9474-1A3956D46DE8}") = "Solution Items", "Solution Items", "{7554D261-6441-46F8-92BF-CC4CA125A23A}"
	ProjectSection(SolutionItems) = preProject
		CustomerDb.bak = CustomerDb.bak
	EndProjectSection
EndProject
Global
	GlobalSection(SolutionConfigurationPlatforms) = preSolution
		Debug|Any CPU = Debug|Any CPU
		Release|Any CPU = Release|Any CPU
	EndGlobalSection
	GlobalSection(ProjectConfigurationPlatforms) = postSolution
		{F2A03A36-954C-4DC4-A220-48C148A993E2}.Debug|Any CPU.ActiveCfg = Debug|Any CPU
		{F2A03A36-954C-4DC4-A220-48C148A993E2}.Debug|Any CPU.Build.0 = Debug|Any CPU
		{F2A03A36-954C-4DC4-A220-48C148A993E2}.Release|Any CPU.ActiveCfg = Release|Any CPU
		{F2A03A36-954C-4DC4-A220-48C148A993E2}.Release|Any CPU.Build.0 = Release|Any CPU
		{051C4AF1-6E3C-43D6-BF39-AB1BB1714CFA}.Debug|Any CPU.ActiveCfg = Debug|Any CPU
		{051C4AF1-6E3C-43D6-BF39-AB1BB1714CFA}.Debug|Any CPU.Build.0 = Debug|Any CPU
		{051C4AF1-6E3C-43D6-BF39-AB1BB1714CFA}.Release|Any CPU.ActiveCfg = Release|Any CPU
		{051C4AF1-6E3C-43D6-BF39-AB1BB1714CFA}.Release|Any CPU.Build.0 = Release|Any CPU
		{B550D856-2D6D-47F6-814A-195A94FD73E5}.Debug|Any CPU.ActiveCfg = Debug|Any CPU
		{B550D856-2D6D-47F6-814A-195A94FD73E5}.Debug|Any CPU.Build.0 = Debug|Any CPU
		{B550D856-2D6D-47F6-814A-195A94FD73E5}.Release|Any CPU.ActiveCfg = Release|Any CPU
		{B550D856-2D6D-47F6-814A-195A94FD73E5}.Release|Any CPU.Build.0 = Release|Any CPU
		{09177D45-2A97-4363-B0BB-2FC46564586D}.Debug|Any CPU.ActiveCfg = Debug|Any CPU
		{09177D45-2A97-4363-B0BB-2FC46564586D}.Debug|Any CPU.Build.0 = Debug|Any CPU
		{09177D45-2A97-4363-B0BB-2FC46564586D}.Release|Any CPU.ActiveCfg = Release|Any CPU
		{09177D45-2A97-4363-B0BB-2FC46564586D}.Release|Any CPU.Build.0 = Release|Any CPU
		{41FBD108-D6C8-43B7-B09E-67815196AA84}.Debug|Any CPU.ActiveCfg = Debug|Any CPU
		{41FBD108-D6C8-43B7-B09E-67815196AA84}.Debug|Any CPU.Build.0 = Debug|Any CPU
		{41FBD108-D6C8-43B7-B09E-67815196AA84}.Release|Any CPU.ActiveCfg = Release|Any CPU
		{41FBD108-D6C8-43B7-B09E-67815196AA84}.Release|Any CPU.Build.0 = Release|Any CPU
	EndGlobalSection
	GlobalSection(SolutionProperties) = preSolution
		HideSolutionNode = FALSE
	EndGlobalSection
	GlobalSection(ExtensibilityGlobals) = postSolution
		SolutionGuid = {52D61203-3A8E-48E1-B4CA-7584FEF5CC6D}
	EndGlobalSection
EndGlobal
